// !$*UTF8*$!
{
	archiveVersion = 1;
	classes = {
	};
	objectVersion = 56;
	objects = {

/* Begin PBXBuildFile section */
		2A1F3CB22C44830200D3202B /* AuthManager.swift in Sources */ = {isa = PBXBuildFile; fileRef = 2A1F3CB12C44830200D3202B /* AuthManager.swift */; };
		2A1F3CB42C4486D400D3202B /* LoginModelActions.swift in Sources */ = {isa = PBXBuildFile; fileRef = 2A1F3CB32C4486D400D3202B /* LoginModelActions.swift */; };
		2A1F3CB62C44873F00D3202B /* LoginModelState.swift in Sources */ = {isa = PBXBuildFile; fileRef = 2A1F3CB52C44873F00D3202B /* LoginModelState.swift */; };
		2A1F3CB82C4487A800D3202B /* LoginModel.swift in Sources */ = {isa = PBXBuildFile; fileRef = 2A1F3CB72C4487A800D3202B /* LoginModel.swift */; };
		2A1F3CBB2C44884A00D3202B /* LoginIntent.swift in Sources */ = {isa = PBXBuildFile; fileRef = 2A1F3CBA2C44884A00D3202B /* LoginIntent.swift */; };
		2A1F3CBE2C4490FC00D3202B /* CognitoResponse.swift in Sources */ = {isa = PBXBuildFile; fileRef = 2A1F3CBD2C4490FC00D3202B /* CognitoResponse.swift */; };
		2A1F3CC02C449DD600D3202B /* UserDefaultsExtensions.swift in Sources */ = {isa = PBXBuildFile; fileRef = 2A1F3CBF2C449DD600D3202B /* UserDefaultsExtensions.swift */; };
		2A71A2872C16B0A900F204F1 /* Style.swift in Sources */ = {isa = PBXBuildFile; fileRef = 2A71A2862C16B0A900F204F1 /* Style.swift */; };
		2A71A28C2C16B3A300F204F1 /* FormTextInput.swift in Sources */ = {isa = PBXBuildFile; fileRef = 2A71A28B2C16B3A300F204F1 /* FormTextInput.swift */; };
		2A71A2912C16B64B00F204F1 /* ViewExtensions.swift in Sources */ = {isa = PBXBuildFile; fileRef = 2A71A2902C16B64B00F204F1 /* ViewExtensions.swift */; };
		2A71A2932C16B6EC00F204F1 /* FormButtonInput.swift in Sources */ = {isa = PBXBuildFile; fileRef = 2A71A2922C16B6EC00F204F1 /* FormButtonInput.swift */; };
		2A71A2952C16BF7000F204F1 /* ColorDivider.swift in Sources */ = {isa = PBXBuildFile; fileRef = 2A71A2942C16BF7000F204F1 /* ColorDivider.swift */; };
		2A71A2972C16BFB000F204F1 /* CapsuleButton.swift in Sources */ = {isa = PBXBuildFile; fileRef = 2A71A2962C16BFB000F204F1 /* CapsuleButton.swift */; };
		2A786F1F2C3CD4F20008ABE1 /* LiveCoachingModelActions.swift in Sources */ = {isa = PBXBuildFile; fileRef = 2A786F1E2C3CD4F20008ABE1 /* LiveCoachingModelActions.swift */; };
		2A786F212C3CD5140008ABE1 /* LiveCoachingModelState.swift in Sources */ = {isa = PBXBuildFile; fileRef = 2A786F202C3CD5140008ABE1 /* LiveCoachingModelState.swift */; };
		2A786F242C3CD5330008ABE1 /* LiveCoachingModel.swift in Sources */ = {isa = PBXBuildFile; fileRef = 2A786F232C3CD5330008ABE1 /* LiveCoachingModel.swift */; };
		2A786F272C3CD58F0008ABE1 /* LiveCoachingIntents.swift in Sources */ = {isa = PBXBuildFile; fileRef = 2A786F262C3CD58F0008ABE1 /* LiveCoachingIntents.swift */; };
		2A786F292C3CD5EF0008ABE1 /* LiveCoachingView.swift in Sources */ = {isa = PBXBuildFile; fileRef = 2A786F282C3CD5EF0008ABE1 /* LiveCoachingView.swift */; };
		2A786F2C2C3CD8EB0008ABE1 /* HomeFeed.swift in Sources */ = {isa = PBXBuildFile; fileRef = 2A786F2B2C3CD8EB0008ABE1 /* HomeFeed.swift */; };
		2A786F2E2C3CD9820008ABE1 /* Router.swift in Sources */ = {isa = PBXBuildFile; fileRef = 2A786F2D2C3CD9820008ABE1 /* Router.swift */; };
		2A786F302C3CD9FC0008ABE1 /* AppHeader.swift in Sources */ = {isa = PBXBuildFile; fileRef = 2A786F2F2C3CD9FC0008ABE1 /* AppHeader.swift */; };
		2A786F322C3CDB6E0008ABE1 /* ImageExtensions.swift in Sources */ = {isa = PBXBuildFile; fileRef = 2A786F312C3CDB6E0008ABE1 /* ImageExtensions.swift */; };
		2A786F342C3CE09E0008ABE1 /* MatchFeedView.swift in Sources */ = {isa = PBXBuildFile; fileRef = 2A786F332C3CE09E0008ABE1 /* MatchFeedView.swift */; };
		2A786F362C3CE0B60008ABE1 /* Match.swift in Sources */ = {isa = PBXBuildFile; fileRef = 2A786F352C3CE0B60008ABE1 /* Match.swift */; };
		2A786F392C3CEC580008ABE1 /* Team.swift in Sources */ = {isa = PBXBuildFile; fileRef = 2A786F382C3CEC580008ABE1 /* Team.swift */; };
		2A786F3B2C3CEFA10008ABE1 /* User.swift in Sources */ = {isa = PBXBuildFile; fileRef = 2A786F3A2C3CEFA10008ABE1 /* User.swift */; };
		2A786F3E2C3CF0DF0008ABE1 /* MainTabView.swift in Sources */ = {isa = PBXBuildFile; fileRef = 2A786F3D2C3CF0DF0008ABE1 /* MainTabView.swift */; };
		2A786F402C3CF6D90008ABE1 /* DateExtensions.swift in Sources */ = {isa = PBXBuildFile; fileRef = 2A786F3F2C3CF6D90008ABE1 /* DateExtensions.swift */; };
		2A786F422C3D02E30008ABE1 /* Player.swift in Sources */ = {isa = PBXBuildFile; fileRef = 2A786F412C3D02E30008ABE1 /* Player.swift */; };
		2A786F452C3D06E30008ABE1 /* PlayerCoachingCell.swift in Sources */ = {isa = PBXBuildFile; fileRef = 2A786F442C3D06E30008ABE1 /* PlayerCoachingCell.swift */; };
		2A786F472C3D0E8A0008ABE1 /* StartMatchPopUp.swift in Sources */ = {isa = PBXBuildFile; fileRef = 2A786F462C3D0E8A0008ABE1 /* StartMatchPopUp.swift */; };
		2A786F492C3D142C0008ABE1 /* FinalizedMatchPopUp.swift in Sources */ = {isa = PBXBuildFile; fileRef = 2A786F482C3D142C0008ABE1 /* FinalizedMatchPopUp.swift */; };
		2A786F4B2C3D25040008ABE1 /* PlayerStatsModPopUp.swift in Sources */ = {isa = PBXBuildFile; fileRef = 2A786F4A2C3D25040008ABE1 /* PlayerStatsModPopUp.swift */; };
		2ADD5BCB2C3C8C85009CD40C /* MVIContainer.swift in Sources */ = {isa = PBXBuildFile; fileRef = 2ADD5BCA2C3C8C85009CD40C /* MVIContainer.swift */; };
		2ADD5BD32C3C8E9D009CD40C /* PersonalizeUserView.swift in Sources */ = {isa = PBXBuildFile; fileRef = 2ADD5BD22C3C8E9D009CD40C /* PersonalizeUserView.swift */; };
		2ADD5BD72C3C8EFF009CD40C /* PersonalizeUserIntents.swift in Sources */ = {isa = PBXBuildFile; fileRef = 2ADD5BD62C3C8EFF009CD40C /* PersonalizeUserIntents.swift */; };
		2ADD5BDA2C3C8F82009CD40C /* PersonalizeUserModelActions.swift in Sources */ = {isa = PBXBuildFile; fileRef = 2ADD5BD92C3C8F82009CD40C /* PersonalizeUserModelActions.swift */; };
		2ADD5BDD2C3C8FA8009CD40C /* PersonalizeUserModelState.swift in Sources */ = {isa = PBXBuildFile; fileRef = 2ADD5BDC2C3C8FA8009CD40C /* PersonalizeUserModelState.swift */; };
		2ADD5BDF2C3C8FBC009CD40C /* PersonalizeUserModel.swift in Sources */ = {isa = PBXBuildFile; fileRef = 2ADD5BDE2C3C8FBC009CD40C /* PersonalizeUserModel.swift */; };
		2ADD5BE12C3C922E009CD40C /* Country.swift in Sources */ = {isa = PBXBuildFile; fileRef = 2ADD5BE02C3C922E009CD40C /* Country.swift */; };
		2ADD5BE32C3C93C4009CD40C /* Sport.swift in Sources */ = {isa = PBXBuildFile; fileRef = 2ADD5BE22C3C93C4009CD40C /* Sport.swift */; };
		9D5A117E2C04C8B4007FF196 /* AtlestatApp.swift in Sources */ = {isa = PBXBuildFile; fileRef = 9D5A117D2C04C8B4007FF196 /* AtlestatApp.swift */; };
		9D5A11802C04C8B4007FF196 /* ContentView.swift in Sources */ = {isa = PBXBuildFile; fileRef = 9D5A117F2C04C8B4007FF196 /* ContentView.swift */; };
		9D5A11822C04C8B7007FF196 /* Assets.xcassets in Resources */ = {isa = PBXBuildFile; fileRef = 9D5A11812C04C8B7007FF196 /* Assets.xcassets */; };
		9D5A11852C04C8B7007FF196 /* Preview Assets.xcassets in Resources */ = {isa = PBXBuildFile; fileRef = 9D5A11842C04C8B7007FF196 /* Preview Assets.xcassets */; };
		9D5A11912C04C9E2007FF196 /* LoginView.swift in Sources */ = {isa = PBXBuildFile; fileRef = 9D5A11902C04C9E2007FF196 /* LoginView.swift */; };
/* End PBXBuildFile section */

/* Begin PBXFileReference section */
		2A1F3CB12C44830200D3202B /* AuthManager.swift */ = {isa = PBXFileReference; lastKnownFileType = sourcecode.swift; path = AuthManager.swift; sourceTree = "<group>"; };
		2A1F3CB32C4486D400D3202B /* LoginModelActions.swift */ = {isa = PBXFileReference; lastKnownFileType = sourcecode.swift; name = LoginModelActions.swift; path = Atlestat/Shared/Auth/LoginModelActions.swift; sourceTree = SOURCE_ROOT; };
		2A1F3CB52C44873F00D3202B /* LoginModelState.swift */ = {isa = PBXFileReference; lastKnownFileType = sourcecode.swift; name = LoginModelState.swift; path = Atlestat/Shared/Auth/LoginModelState.swift; sourceTree = SOURCE_ROOT; };
		2A1F3CB72C4487A800D3202B /* LoginModel.swift */ = {isa = PBXFileReference; lastKnownFileType = sourcecode.swift; name = LoginModel.swift; path = Atlestat/Shared/Auth/LoginModel.swift; sourceTree = SOURCE_ROOT; };
		2A1F3CBA2C44884A00D3202B /* LoginIntent.swift */ = {isa = PBXFileReference; lastKnownFileType = sourcecode.swift; path = LoginIntent.swift; sourceTree = "<group>"; };
		2A1F3CBD2C4490FC00D3202B /* CognitoResponse.swift */ = {isa = PBXFileReference; lastKnownFileType = sourcecode.swift; path = CognitoResponse.swift; sourceTree = "<group>"; };
		2A1F3CBF2C449DD600D3202B /* UserDefaultsExtensions.swift */ = {isa = PBXFileReference; lastKnownFileType = sourcecode.swift; path = UserDefaultsExtensions.swift; sourceTree = "<group>"; };
		2A71A2862C16B0A900F204F1 /* Style.swift */ = {isa = PBXFileReference; lastKnownFileType = sourcecode.swift; path = Style.swift; sourceTree = "<group>"; };
		2A71A28B2C16B3A300F204F1 /* FormTextInput.swift */ = {isa = PBXFileReference; lastKnownFileType = sourcecode.swift; path = FormTextInput.swift; sourceTree = "<group>"; };
		2A71A2902C16B64B00F204F1 /* ViewExtensions.swift */ = {isa = PBXFileReference; lastKnownFileType = sourcecode.swift; path = ViewExtensions.swift; sourceTree = "<group>"; };
		2A71A2922C16B6EC00F204F1 /* FormButtonInput.swift */ = {isa = PBXFileReference; lastKnownFileType = sourcecode.swift; path = FormButtonInput.swift; sourceTree = "<group>"; };
		2A71A2942C16BF7000F204F1 /* ColorDivider.swift */ = {isa = PBXFileReference; lastKnownFileType = sourcecode.swift; path = ColorDivider.swift; sourceTree = "<group>"; };
		2A71A2962C16BFB000F204F1 /* CapsuleButton.swift */ = {isa = PBXFileReference; lastKnownFileType = sourcecode.swift; path = CapsuleButton.swift; sourceTree = "<group>"; };
		2A786F1E2C3CD4F20008ABE1 /* LiveCoachingModelActions.swift */ = {isa = PBXFileReference; lastKnownFileType = sourcecode.swift; path = LiveCoachingModelActions.swift; sourceTree = "<group>"; };
		2A786F202C3CD5140008ABE1 /* LiveCoachingModelState.swift */ = {isa = PBXFileReference; lastKnownFileType = sourcecode.swift; path = LiveCoachingModelState.swift; sourceTree = "<group>"; };
		2A786F232C3CD5330008ABE1 /* LiveCoachingModel.swift */ = {isa = PBXFileReference; lastKnownFileType = sourcecode.swift; path = LiveCoachingModel.swift; sourceTree = "<group>"; };
		2A786F262C3CD58F0008ABE1 /* LiveCoachingIntents.swift */ = {isa = PBXFileReference; lastKnownFileType = sourcecode.swift; path = LiveCoachingIntents.swift; sourceTree = "<group>"; };
		2A786F282C3CD5EF0008ABE1 /* LiveCoachingView.swift */ = {isa = PBXFileReference; lastKnownFileType = sourcecode.swift; path = LiveCoachingView.swift; sourceTree = "<group>"; };
		2A786F2B2C3CD8EB0008ABE1 /* HomeFeed.swift */ = {isa = PBXFileReference; lastKnownFileType = sourcecode.swift; path = HomeFeed.swift; sourceTree = "<group>"; };
		2A786F2D2C3CD9820008ABE1 /* Router.swift */ = {isa = PBXFileReference; lastKnownFileType = sourcecode.swift; path = Router.swift; sourceTree = "<group>"; };
		2A786F2F2C3CD9FC0008ABE1 /* AppHeader.swift */ = {isa = PBXFileReference; lastKnownFileType = sourcecode.swift; path = AppHeader.swift; sourceTree = "<group>"; };
		2A786F312C3CDB6E0008ABE1 /* ImageExtensions.swift */ = {isa = PBXFileReference; lastKnownFileType = sourcecode.swift; path = ImageExtensions.swift; sourceTree = "<group>"; };
		2A786F332C3CE09E0008ABE1 /* MatchFeedView.swift */ = {isa = PBXFileReference; lastKnownFileType = sourcecode.swift; path = MatchFeedView.swift; sourceTree = "<group>"; };
		2A786F352C3CE0B60008ABE1 /* Match.swift */ = {isa = PBXFileReference; lastKnownFileType = sourcecode.swift; path = Match.swift; sourceTree = "<group>"; };
		2A786F382C3CEC580008ABE1 /* Team.swift */ = {isa = PBXFileReference; lastKnownFileType = sourcecode.swift; path = Team.swift; sourceTree = "<group>"; };
		2A786F3A2C3CEFA10008ABE1 /* User.swift */ = {isa = PBXFileReference; lastKnownFileType = sourcecode.swift; path = User.swift; sourceTree = "<group>"; };
		2A786F3D2C3CF0DF0008ABE1 /* MainTabView.swift */ = {isa = PBXFileReference; lastKnownFileType = sourcecode.swift; path = MainTabView.swift; sourceTree = "<group>"; };
		2A786F3F2C3CF6D90008ABE1 /* DateExtensions.swift */ = {isa = PBXFileReference; lastKnownFileType = sourcecode.swift; path = DateExtensions.swift; sourceTree = "<group>"; };
		2A786F412C3D02E30008ABE1 /* Player.swift */ = {isa = PBXFileReference; lastKnownFileType = sourcecode.swift; path = Player.swift; sourceTree = "<group>"; };
		2A786F442C3D06E30008ABE1 /* PlayerCoachingCell.swift */ = {isa = PBXFileReference; lastKnownFileType = sourcecode.swift; path = PlayerCoachingCell.swift; sourceTree = "<group>"; };
		2A786F462C3D0E8A0008ABE1 /* StartMatchPopUp.swift */ = {isa = PBXFileReference; lastKnownFileType = sourcecode.swift; path = StartMatchPopUp.swift; sourceTree = "<group>"; };
		2A786F482C3D142C0008ABE1 /* FinalizedMatchPopUp.swift */ = {isa = PBXFileReference; lastKnownFileType = sourcecode.swift; path = FinalizedMatchPopUp.swift; sourceTree = "<group>"; };
		2A786F4A2C3D25040008ABE1 /* PlayerStatsModPopUp.swift */ = {isa = PBXFileReference; lastKnownFileType = sourcecode.swift; path = PlayerStatsModPopUp.swift; sourceTree = "<group>"; };
		2ADD5BCA2C3C8C85009CD40C /* MVIContainer.swift */ = {isa = PBXFileReference; lastKnownFileType = sourcecode.swift; path = MVIContainer.swift; sourceTree = "<group>"; };
		2ADD5BD22C3C8E9D009CD40C /* PersonalizeUserView.swift */ = {isa = PBXFileReference; lastKnownFileType = sourcecode.swift; path = PersonalizeUserView.swift; sourceTree = "<group>"; };
		2ADD5BD62C3C8EFF009CD40C /* PersonalizeUserIntents.swift */ = {isa = PBXFileReference; lastKnownFileType = sourcecode.swift; path = PersonalizeUserIntents.swift; sourceTree = "<group>"; };
		2ADD5BD92C3C8F82009CD40C /* PersonalizeUserModelActions.swift */ = {isa = PBXFileReference; lastKnownFileType = sourcecode.swift; path = PersonalizeUserModelActions.swift; sourceTree = "<group>"; };
		2ADD5BDC2C3C8FA8009CD40C /* PersonalizeUserModelState.swift */ = {isa = PBXFileReference; lastKnownFileType = sourcecode.swift; path = PersonalizeUserModelState.swift; sourceTree = "<group>"; };
		2ADD5BDE2C3C8FBC009CD40C /* PersonalizeUserModel.swift */ = {isa = PBXFileReference; lastKnownFileType = sourcecode.swift; path = PersonalizeUserModel.swift; sourceTree = "<group>"; };
		2ADD5BE02C3C922E009CD40C /* Country.swift */ = {isa = PBXFileReference; lastKnownFileType = sourcecode.swift; path = Country.swift; sourceTree = "<group>"; };
		2ADD5BE22C3C93C4009CD40C /* Sport.swift */ = {isa = PBXFileReference; lastKnownFileType = sourcecode.swift; path = Sport.swift; sourceTree = "<group>"; };
		9D5A117A2C04C8B4007FF196 /* Atlestat.app */ = {isa = PBXFileReference; explicitFileType = wrapper.application; includeInIndex = 0; path = Atlestat.app; sourceTree = BUILT_PRODUCTS_DIR; };
		9D5A117D2C04C8B4007FF196 /* AtlestatApp.swift */ = {isa = PBXFileReference; lastKnownFileType = sourcecode.swift; path = AtlestatApp.swift; sourceTree = "<group>"; };
		9D5A117F2C04C8B4007FF196 /* ContentView.swift */ = {isa = PBXFileReference; lastKnownFileType = sourcecode.swift; path = ContentView.swift; sourceTree = "<group>"; };
		9D5A11812C04C8B7007FF196 /* Assets.xcassets */ = {isa = PBXFileReference; lastKnownFileType = folder.assetcatalog; path = Assets.xcassets; sourceTree = "<group>"; };
		9D5A11842C04C8B7007FF196 /* Preview Assets.xcassets */ = {isa = PBXFileReference; lastKnownFileType = folder.assetcatalog; path = "Preview Assets.xcassets"; sourceTree = "<group>"; };
		9D5A11902C04C9E2007FF196 /* LoginView.swift */ = {isa = PBXFileReference; lastKnownFileType = sourcecode.swift; path = LoginView.swift; sourceTree = "<group>"; };
/* End PBXFileReference section */

/* Begin PBXFrameworksBuildPhase section */
		9D5A11772C04C8B4007FF196 /* Frameworks */ = {
			isa = PBXFrameworksBuildPhase;
			buildActionMask = 2147483647;
			files = (
			);
			runOnlyForDeploymentPostprocessing = 0;
		};
/* End PBXFrameworksBuildPhase section */

/* Begin PBXGroup section */
		2A1F3CB02C4482F100D3202B /* Auth */ = {
			isa = PBXGroup;
			children = (
				2A1F3CBC2C4490EF00D3202B /* Response */,
				2A1F3CB12C44830200D3202B /* AuthManager.swift */,
			);
			path = Auth;
			sourceTree = "<group>";
		};
		2A1F3CB92C44883F00D3202B /* Intent */ = {
			isa = PBXGroup;
			children = (
				2A1F3CBA2C44884A00D3202B /* LoginIntent.swift */,
			);
			path = Intent;
			sourceTree = "<group>";
		};
		2A1F3CBC2C4490EF00D3202B /* Response */ = {
			isa = PBXGroup;
			children = (
				2A1F3CBD2C4490FC00D3202B /* CognitoResponse.swift */,
			);
			path = Response;
			sourceTree = "<group>";
		};
		2A71A2852C16B0A000F204F1 /* Shared */ = {
			isa = PBXGroup;
			children = (
				2A1F3CB02C4482F100D3202B /* Auth */,
				2ADD5BC92C3C8C6F009CD40C /* MVI Files */,
				2A71A28A2C16B37E00F204F1 /* Components */,
				2A71A2862C16B0A900F204F1 /* Style.swift */,
				2A786F2D2C3CD9820008ABE1 /* Router.swift */,
			);
			path = Shared;
			sourceTree = "<group>";
		};
		2A71A28A2C16B37E00F204F1 /* Components */ = {
			isa = PBXGroup;
			children = (
				2A71A28E2C16B60100F204F1 /* Buttons */,
				2A71A28D2C16B5F900F204F1 /* Form */,
				2A71A2942C16BF7000F204F1 /* ColorDivider.swift */,
				2A786F2F2C3CD9FC0008ABE1 /* AppHeader.swift */,
			);
			path = Components;
			sourceTree = "<group>";
		};
		2A71A28D2C16B5F900F204F1 /* Form */ = {
			isa = PBXGroup;
			children = (
				2A71A28B2C16B3A300F204F1 /* FormTextInput.swift */,
				2A71A2922C16B6EC00F204F1 /* FormButtonInput.swift */,
			);
			path = Form;
			sourceTree = "<group>";
		};
		2A71A28E2C16B60100F204F1 /* Buttons */ = {
			isa = PBXGroup;
			children = (
				2A71A2962C16BFB000F204F1 /* CapsuleButton.swift */,
			);
			path = Buttons;
			sourceTree = "<group>";
		};
		2A71A28F2C16B63C00F204F1 /* Extensions */ = {
			isa = PBXGroup;
			children = (
				2A71A2902C16B64B00F204F1 /* ViewExtensions.swift */,
				2A786F312C3CDB6E0008ABE1 /* ImageExtensions.swift */,
				2A786F3F2C3CF6D90008ABE1 /* DateExtensions.swift */,
				2A1F3CBF2C449DD600D3202B /* UserDefaultsExtensions.swift */,
			);
			path = Extensions;
			sourceTree = "<group>";
		};
		2A786F1C2C3CD4B90008ABE1 /* LiveCoaching */ = {
			isa = PBXGroup;
			children = (
				2A786F432C3D06D40008ABE1 /* Components */,
				2A786F252C3CD55B0008ABE1 /* Intent */,
				2A786F1D2C3CD4DA0008ABE1 /* Model */,
				2A786F282C3CD5EF0008ABE1 /* LiveCoachingView.swift */,
			);
			path = LiveCoaching;
			sourceTree = "<group>";
		};
		2A786F1D2C3CD4DA0008ABE1 /* Model */ = {
			isa = PBXGroup;
			children = (
				2A786F1E2C3CD4F20008ABE1 /* LiveCoachingModelActions.swift */,
				2A786F202C3CD5140008ABE1 /* LiveCoachingModelState.swift */,
				2A786F232C3CD5330008ABE1 /* LiveCoachingModel.swift */,
			);
			path = Model;
			sourceTree = "<group>";
		};
		2A786F252C3CD55B0008ABE1 /* Intent */ = {
			isa = PBXGroup;
			children = (
				2A786F262C3CD58F0008ABE1 /* LiveCoachingIntents.swift */,
			);
			path = Intent;
			sourceTree = "<group>";
		};
		2A786F2A2C3CD8D40008ABE1 /* Home */ = {
			isa = PBXGroup;
			children = (
				2A786F2B2C3CD8EB0008ABE1 /* HomeFeed.swift */,
				2A786F332C3CE09E0008ABE1 /* MatchFeedView.swift */,
			);
			path = Home;
			sourceTree = "<group>";
		};
		2A786F3C2C3CF0D20008ABE1 /* MainTabView */ = {
			isa = PBXGroup;
			children = (
				2A786F3D2C3CF0DF0008ABE1 /* MainTabView.swift */,
			);
			path = MainTabView;
			sourceTree = "<group>";
		};
		2A786F432C3D06D40008ABE1 /* Components */ = {
			isa = PBXGroup;
			children = (
				2A786F442C3D06E30008ABE1 /* PlayerCoachingCell.swift */,
				2A786F462C3D0E8A0008ABE1 /* StartMatchPopUp.swift */,
				2A786F482C3D142C0008ABE1 /* FinalizedMatchPopUp.swift */,
				2A786F4A2C3D25040008ABE1 /* PlayerStatsModPopUp.swift */,
			);
			path = Components;
			sourceTree = "<group>";
		};
		2ADD5BC92C3C8C6F009CD40C /* MVI Files */ = {
			isa = PBXGroup;
			children = (
				2ADD5BCA2C3C8C85009CD40C /* MVIContainer.swift */,
			);
			path = "MVI Files";
			sourceTree = "<group>";
		};
		2ADD5BD12C3C8E43009CD40C /* PersonalizeUser */ = {
			isa = PBXGroup;
			children = (
				2ADD5BD82C3C8F6D009CD40C /* Model */,
				2ADD5BD52C3C8EEF009CD40C /* Intent */,
				2ADD5BD22C3C8E9D009CD40C /* PersonalizeUserView.swift */,
			);
			path = PersonalizeUser;
			sourceTree = "<group>";
		};
		2ADD5BD42C3C8EB0009CD40C /* Domain */ = {
			isa = PBXGroup;
			children = (
				2ADD5BE02C3C922E009CD40C /* Country.swift */,
				2ADD5BE22C3C93C4009CD40C /* Sport.swift */,
				2A786F352C3CE0B60008ABE1 /* Match.swift */,
				2A786F382C3CEC580008ABE1 /* Team.swift */,
				2A786F3A2C3CEFA10008ABE1 /* User.swift */,
				2A786F412C3D02E30008ABE1 /* Player.swift */,
			);
			path = Domain;
			sourceTree = "<group>";
		};
		2ADD5BD52C3C8EEF009CD40C /* Intent */ = {
			isa = PBXGroup;
			children = (
				2ADD5BD62C3C8EFF009CD40C /* PersonalizeUserIntents.swift */,
			);
			path = Intent;
			sourceTree = "<group>";
		};
		2ADD5BD82C3C8F6D009CD40C /* Model */ = {
			isa = PBXGroup;
			children = (
				2ADD5BD92C3C8F82009CD40C /* PersonalizeUserModelActions.swift */,
				2ADD5BDC2C3C8FA8009CD40C /* PersonalizeUserModelState.swift */,
				2ADD5BDE2C3C8FBC009CD40C /* PersonalizeUserModel.swift */,
			);
			path = Model;
			sourceTree = "<group>";
		};
		9D5A11712C04C8B3007FF196 = {
			isa = PBXGroup;
			children = (
				9D5A117C2C04C8B4007FF196 /* Atlestat */,
				9D5A117B2C04C8B4007FF196 /* Products */,
			);
			sourceTree = "<group>";
		};
		9D5A117B2C04C8B4007FF196 /* Products */ = {
			isa = PBXGroup;
			children = (
				9D5A117A2C04C8B4007FF196 /* Atlestat.app */,
			);
			name = Products;
			sourceTree = "<group>";
		};
		9D5A117C2C04C8B4007FF196 /* Atlestat */ = {
			isa = PBXGroup;
			children = (
				2ADD5BD42C3C8EB0009CD40C /* Domain */,
				2A71A28F2C16B63C00F204F1 /* Extensions */,
				2A71A2852C16B0A000F204F1 /* Shared */,
				9D5A118B2C04C9B5007FF196 /* Scenes */,
				9D5A117D2C04C8B4007FF196 /* AtlestatApp.swift */,
				9D5A117F2C04C8B4007FF196 /* ContentView.swift */,
				9D5A11812C04C8B7007FF196 /* Assets.xcassets */,
				9D5A11832C04C8B7007FF196 /* Preview Content */,
			);
			path = Atlestat;
			sourceTree = "<group>";
		};
		9D5A11832C04C8B7007FF196 /* Preview Content */ = {
			isa = PBXGroup;
			children = (
				9D5A11842C04C8B7007FF196 /* Preview Assets.xcassets */,
			);
			path = "Preview Content";
			sourceTree = "<group>";
		};
		9D5A118B2C04C9B5007FF196 /* Scenes */ = {
			isa = PBXGroup;
			children = (
				2A786F3C2C3CF0D20008ABE1 /* MainTabView */,
				2A786F2A2C3CD8D40008ABE1 /* Home */,
				2A786F1C2C3CD4B90008ABE1 /* LiveCoaching */,
				2ADD5BD12C3C8E43009CD40C /* PersonalizeUser */,
				9D5A118C2C04C9BC007FF196 /* Login */,
			);
			path = Scenes;
			sourceTree = "<group>";
		};
		9D5A118C2C04C9BC007FF196 /* Login */ = {
			isa = PBXGroup;
			children = (
				2A1F3CB92C44883F00D3202B /* Intent */,
				9D5A118E2C04C9CC007FF196 /* View */,
				9D5A118D2C04C9C7007FF196 /* Model */,
			);
			path = Login;
			sourceTree = "<group>";
		};
		9D5A118D2C04C9C7007FF196 /* Model */ = {
			isa = PBXGroup;
			children = (
				2A1F3CB32C4486D400D3202B /* LoginModelActions.swift */,
				2A1F3CB52C44873F00D3202B /* LoginModelState.swift */,
				2A1F3CB72C4487A800D3202B /* LoginModel.swift */,
			);
			path = Model;
			sourceTree = "<group>";
		};
		9D5A118E2C04C9CC007FF196 /* View */ = {
			isa = PBXGroup;
			children = (
				9D5A11902C04C9E2007FF196 /* LoginView.swift */,
			);
			path = View;
			sourceTree = "<group>";
		};
/* End PBXGroup section */

/* Begin PBXNativeTarget section */
		9D5A11792C04C8B4007FF196 /* Atlestat */ = {
			isa = PBXNativeTarget;
			buildConfigurationList = 9D5A11882C04C8B7007FF196 /* Build configuration list for PBXNativeTarget "Atlestat" */;
			buildPhases = (
				9D5A11762C04C8B4007FF196 /* Sources */,
				9D5A11772C04C8B4007FF196 /* Frameworks */,
				9D5A11782C04C8B4007FF196 /* Resources */,
			);
			buildRules = (
			);
			dependencies = (
			);
			name = Atlestat;
			productName = Atlestat;
			productReference = 9D5A117A2C04C8B4007FF196 /* Atlestat.app */;
			productType = "com.apple.product-type.application";
		};
/* End PBXNativeTarget section */

/* Begin PBXProject section */
		9D5A11722C04C8B3007FF196 /* Project object */ = {
			isa = PBXProject;
			attributes = {
				BuildIndependentTargetsInParallel = 1;
				LastSwiftUpdateCheck = 1520;
				LastUpgradeCheck = 1520;
				TargetAttributes = {
					9D5A11792C04C8B4007FF196 = {
						CreatedOnToolsVersion = 15.2;
					};
				};
			};
			buildConfigurationList = 9D5A11752C04C8B3007FF196 /* Build configuration list for PBXProject "Atlestat" */;
			compatibilityVersion = "Xcode 14.0";
			developmentRegion = en;
			hasScannedForEncodings = 0;
			knownRegions = (
				en,
				Base,
			);
			mainGroup = 9D5A11712C04C8B3007FF196;
			productRefGroup = 9D5A117B2C04C8B4007FF196 /* Products */;
			projectDirPath = "";
			projectRoot = "";
			targets = (
				9D5A11792C04C8B4007FF196 /* Atlestat */,
			);
		};
/* End PBXProject section */

/* Begin PBXResourcesBuildPhase section */
		9D5A11782C04C8B4007FF196 /* Resources */ = {
			isa = PBXResourcesBuildPhase;
			buildActionMask = 2147483647;
			files = (
				9D5A11852C04C8B7007FF196 /* Preview Assets.xcassets in Resources */,
				9D5A11822C04C8B7007FF196 /* Assets.xcassets in Resources */,
			);
			runOnlyForDeploymentPostprocessing = 0;
		};
/* End PBXResourcesBuildPhase section */

/* Begin PBXSourcesBuildPhase section */
		9D5A11762C04C8B4007FF196 /* Sources */ = {
			isa = PBXSourcesBuildPhase;
			buildActionMask = 2147483647;
			files = (
				2A786F302C3CD9FC0008ABE1 /* AppHeader.swift in Sources */,
				2A1F3CB82C4487A800D3202B /* LoginModel.swift in Sources */,
				2A71A28C2C16B3A300F204F1 /* FormTextInput.swift in Sources */,
				2A786F452C3D06E30008ABE1 /* PlayerCoachingCell.swift in Sources */,
				2ADD5BDF2C3C8FBC009CD40C /* PersonalizeUserModel.swift in Sources */,
				2A1F3CBE2C4490FC00D3202B /* CognitoResponse.swift in Sources */,
				2A786F3E2C3CF0DF0008ABE1 /* MainTabView.swift in Sources */,
				2A1F3CB42C4486D400D3202B /* LoginModelActions.swift in Sources */,
				2A1F3CB62C44873F00D3202B /* LoginModelState.swift in Sources */,
				2A786F2E2C3CD9820008ABE1 /* Router.swift in Sources */,
				2A786F402C3CF6D90008ABE1 /* DateExtensions.swift in Sources */,
				2A71A2972C16BFB000F204F1 /* CapsuleButton.swift in Sources */,
				2A1F3CBB2C44884A00D3202B /* LoginIntent.swift in Sources */,
				2A786F292C3CD5EF0008ABE1 /* LiveCoachingView.swift in Sources */,
				2A786F322C3CDB6E0008ABE1 /* ImageExtensions.swift in Sources */,
				9D5A11912C04C9E2007FF196 /* LoginView.swift in Sources */,
				2A786F472C3D0E8A0008ABE1 /* StartMatchPopUp.swift in Sources */,
				2A71A2932C16B6EC00F204F1 /* FormButtonInput.swift in Sources */,
				2A786F362C3CE0B60008ABE1 /* Match.swift in Sources */,
				2A786F2C2C3CD8EB0008ABE1 /* HomeFeed.swift in Sources */,
				2ADD5BCB2C3C8C85009CD40C /* MVIContainer.swift in Sources */,
				2A1F3CB22C44830200D3202B /* AuthManager.swift in Sources */,
				2ADD5BDA2C3C8F82009CD40C /* PersonalizeUserModelActions.swift in Sources */,
				2A71A2952C16BF7000F204F1 /* ColorDivider.swift in Sources */,
				2A786F4B2C3D25040008ABE1 /* PlayerStatsModPopUp.swift in Sources */,
				2A786F492C3D142C0008ABE1 /* FinalizedMatchPopUp.swift in Sources */,
				2ADD5BDD2C3C8FA8009CD40C /* PersonalizeUserModelState.swift in Sources */,
				2A786F272C3CD58F0008ABE1 /* LiveCoachingIntents.swift in Sources */,
				2A786F212C3CD5140008ABE1 /* LiveCoachingModelState.swift in Sources */,
				2ADD5BE12C3C922E009CD40C /* Country.swift in Sources */,
				2A786F392C3CEC580008ABE1 /* Team.swift in Sources */,
				2ADD5BE32C3C93C4009CD40C /* Sport.swift in Sources */,
				2A786F342C3CE09E0008ABE1 /* MatchFeedView.swift in Sources */,
				9D5A11802C04C8B4007FF196 /* ContentView.swift in Sources */,
				2A786F242C3CD5330008ABE1 /* LiveCoachingModel.swift in Sources */,
				9D5A117E2C04C8B4007FF196 /* AtlestatApp.swift in Sources */,
				2A1F3CC02C449DD600D3202B /* UserDefaultsExtensions.swift in Sources */,
				2A71A2912C16B64B00F204F1 /* ViewExtensions.swift in Sources */,
				2ADD5BD32C3C8E9D009CD40C /* PersonalizeUserView.swift in Sources */,
				2A786F1F2C3CD4F20008ABE1 /* LiveCoachingModelActions.swift in Sources */,
				2ADD5BD72C3C8EFF009CD40C /* PersonalizeUserIntents.swift in Sources */,
				2A786F3B2C3CEFA10008ABE1 /* User.swift in Sources */,
				2A786F422C3D02E30008ABE1 /* Player.swift in Sources */,
				2A71A2872C16B0A900F204F1 /* Style.swift in Sources */,
			);
			runOnlyForDeploymentPostprocessing = 0;
		};
/* End PBXSourcesBuildPhase section */

/* Begin XCBuildConfiguration section */
		9D5A11862C04C8B7007FF196 /* Debug */ = {
			isa = XCBuildConfiguration;
			buildSettings = {
				ALWAYS_SEARCH_USER_PATHS = NO;
				ASSETCATALOG_COMPILER_GENERATE_SWIFT_ASSET_SYMBOL_EXTENSIONS = YES;
				CLANG_ANALYZER_NONNULL = YES;
				CLANG_ANALYZER_NUMBER_OBJECT_CONVERSION = YES_AGGRESSIVE;
				CLANG_CXX_LANGUAGE_STANDARD = "gnu++20";
				CLANG_ENABLE_MODULES = YES;
				CLANG_ENABLE_OBJC_ARC = YES;
				CLANG_ENABLE_OBJC_WEAK = YES;
				CLANG_WARN_BLOCK_CAPTURE_AUTORELEASING = YES;
				CLANG_WARN_BOOL_CONVERSION = YES;
				CLANG_WARN_COMMA = YES;
				CLANG_WARN_CONSTANT_CONVERSION = YES;
				CLANG_WARN_DEPRECATED_OBJC_IMPLEMENTATIONS = YES;
				CLANG_WARN_DIRECT_OBJC_ISA_USAGE = YES_ERROR;
				CLANG_WARN_DOCUMENTATION_COMMENTS = YES;
				CLANG_WARN_EMPTY_BODY = YES;
				CLANG_WARN_ENUM_CONVERSION = YES;
				CLANG_WARN_INFINITE_RECURSION = YES;
				CLANG_WARN_INT_CONVERSION = YES;
				CLANG_WARN_NON_LITERAL_NULL_CONVERSION = YES;
				CLANG_WARN_OBJC_IMPLICIT_RETAIN_SELF = YES;
				CLANG_WARN_OBJC_LITERAL_CONVERSION = YES;
				CLANG_WARN_OBJC_ROOT_CLASS = YES_ERROR;
				CLANG_WARN_QUOTED_INCLUDE_IN_FRAMEWORK_HEADER = YES;
				CLANG_WARN_RANGE_LOOP_ANALYSIS = YES;
				CLANG_WARN_STRICT_PROTOTYPES = YES;
				CLANG_WARN_SUSPICIOUS_MOVE = YES;
				CLANG_WARN_UNGUARDED_AVAILABILITY = YES_AGGRESSIVE;
				CLANG_WARN_UNREACHABLE_CODE = YES;
				CLANG_WARN__DUPLICATE_METHOD_MATCH = YES;
				COPY_PHASE_STRIP = NO;
				DEBUG_INFORMATION_FORMAT = dwarf;
				ENABLE_STRICT_OBJC_MSGSEND = YES;
				ENABLE_TESTABILITY = YES;
				ENABLE_USER_SCRIPT_SANDBOXING = YES;
				GCC_C_LANGUAGE_STANDARD = gnu17;
				GCC_DYNAMIC_NO_PIC = NO;
				GCC_NO_COMMON_BLOCKS = YES;
				GCC_OPTIMIZATION_LEVEL = 0;
				GCC_PREPROCESSOR_DEFINITIONS = (
					"DEBUG=1",
					"$(inherited)",
				);
				GCC_WARN_64_TO_32_BIT_CONVERSION = YES;
				GCC_WARN_ABOUT_RETURN_TYPE = YES_ERROR;
				GCC_WARN_UNDECLARED_SELECTOR = YES;
				GCC_WARN_UNINITIALIZED_AUTOS = YES_AGGRESSIVE;
				GCC_WARN_UNUSED_FUNCTION = YES;
				GCC_WARN_UNUSED_VARIABLE = YES;
				IPHONEOS_DEPLOYMENT_TARGET = 17.2;
				LOCALIZATION_PREFERS_STRING_CATALOGS = YES;
				MTL_ENABLE_DEBUG_INFO = INCLUDE_SOURCE;
				MTL_FAST_MATH = YES;
				ONLY_ACTIVE_ARCH = YES;
				SDKROOT = iphoneos;
				SWIFT_ACTIVE_COMPILATION_CONDITIONS = "DEBUG $(inherited)";
				SWIFT_OPTIMIZATION_LEVEL = "-Onone";
			};
			name = Debug;
		};
		9D5A11872C04C8B7007FF196 /* Release */ = {
			isa = XCBuildConfiguration;
			buildSettings = {
				ALWAYS_SEARCH_USER_PATHS = NO;
				ASSETCATALOG_COMPILER_GENERATE_SWIFT_ASSET_SYMBOL_EXTENSIONS = YES;
				CLANG_ANALYZER_NONNULL = YES;
				CLANG_ANALYZER_NUMBER_OBJECT_CONVERSION = YES_AGGRESSIVE;
				CLANG_CXX_LANGUAGE_STANDARD = "gnu++20";
				CLANG_ENABLE_MODULES = YES;
				CLANG_ENABLE_OBJC_ARC = YES;
				CLANG_ENABLE_OBJC_WEAK = YES;
				CLANG_WARN_BLOCK_CAPTURE_AUTORELEASING = YES;
				CLANG_WARN_BOOL_CONVERSION = YES;
				CLANG_WARN_COMMA = YES;
				CLANG_WARN_CONSTANT_CONVERSION = YES;
				CLANG_WARN_DEPRECATED_OBJC_IMPLEMENTATIONS = YES;
				CLANG_WARN_DIRECT_OBJC_ISA_USAGE = YES_ERROR;
				CLANG_WARN_DOCUMENTATION_COMMENTS = YES;
				CLANG_WARN_EMPTY_BODY = YES;
				CLANG_WARN_ENUM_CONVERSION = YES;
				CLANG_WARN_INFINITE_RECURSION = YES;
				CLANG_WARN_INT_CONVERSION = YES;
				CLANG_WARN_NON_LITERAL_NULL_CONVERSION = YES;
				CLANG_WARN_OBJC_IMPLICIT_RETAIN_SELF = YES;
				CLANG_WARN_OBJC_LITERAL_CONVERSION = YES;
				CLANG_WARN_OBJC_ROOT_CLASS = YES_ERROR;
				CLANG_WARN_QUOTED_INCLUDE_IN_FRAMEWORK_HEADER = YES;
				CLANG_WARN_RANGE_LOOP_ANALYSIS = YES;
				CLANG_WARN_STRICT_PROTOTYPES = YES;
				CLANG_WARN_SUSPICIOUS_MOVE = YES;
				CLANG_WARN_UNGUARDED_AVAILABILITY = YES_AGGRESSIVE;
				CLANG_WARN_UNREACHABLE_CODE = YES;
				CLANG_WARN__DUPLICATE_METHOD_MATCH = YES;
				COPY_PHASE_STRIP = NO;
				DEBUG_INFORMATION_FORMAT = "dwarf-with-dsym";
				ENABLE_NS_ASSERTIONS = NO;
				ENABLE_STRICT_OBJC_MSGSEND = YES;
				ENABLE_USER_SCRIPT_SANDBOXING = YES;
				GCC_C_LANGUAGE_STANDARD = gnu17;
				GCC_NO_COMMON_BLOCKS = YES;
				GCC_WARN_64_TO_32_BIT_CONVERSION = YES;
				GCC_WARN_ABOUT_RETURN_TYPE = YES_ERROR;
				GCC_WARN_UNDECLARED_SELECTOR = YES;
				GCC_WARN_UNINITIALIZED_AUTOS = YES_AGGRESSIVE;
				GCC_WARN_UNUSED_FUNCTION = YES;
				GCC_WARN_UNUSED_VARIABLE = YES;
				IPHONEOS_DEPLOYMENT_TARGET = 17.2;
				LOCALIZATION_PREFERS_STRING_CATALOGS = YES;
				MTL_ENABLE_DEBUG_INFO = NO;
				MTL_FAST_MATH = YES;
				SDKROOT = iphoneos;
				SWIFT_COMPILATION_MODE = wholemodule;
				VALIDATE_PRODUCT = YES;
			};
			name = Release;
		};
		9D5A11892C04C8B7007FF196 /* Debug */ = {
			isa = XCBuildConfiguration;
			buildSettings = {
				ASSETCATALOG_COMPILER_APPICON_NAME = AppIcon;
				ASSETCATALOG_COMPILER_GLOBAL_ACCENT_COLOR_NAME = AccentColor;
				CODE_SIGN_STYLE = Automatic;
				CURRENT_PROJECT_VERSION = 1;
				DEVELOPMENT_ASSET_PATHS = "\"Atlestat/Preview Content\"";
				ENABLE_PREVIEWS = YES;
				GENERATE_INFOPLIST_FILE = YES;
				INFOPLIST_KEY_UIApplicationSceneManifest_Generation = YES;
				INFOPLIST_KEY_UIApplicationSupportsIndirectInputEvents = YES;
				INFOPLIST_KEY_UILaunchScreen_Generation = YES;
				INFOPLIST_KEY_UISupportedInterfaceOrientations_iPad = "UIInterfaceOrientationPortrait UIInterfaceOrientationPortraitUpsideDown UIInterfaceOrientationLandscapeLeft UIInterfaceOrientationLandscapeRight";
				INFOPLIST_KEY_UISupportedInterfaceOrientations_iPhone = "UIInterfaceOrientationPortrait UIInterfaceOrientationLandscapeLeft UIInterfaceOrientationLandscapeRight";
				LD_RUNPATH_SEARCH_PATHS = (
					"$(inherited)",
					"@executable_path/Frameworks",
				);
				MARKETING_VERSION = 1.0;
				PRODUCT_BUNDLE_IDENTIFIER = atlestat.com.Atlestat;
				PRODUCT_NAME = "$(TARGET_NAME)";
				SWIFT_EMIT_LOC_STRINGS = YES;
				SWIFT_VERSION = 5.0;
				TARGETED_DEVICE_FAMILY = "1,2";
			};
			name = Debug;
		};
		9D5A118A2C04C8B7007FF196 /* Release */ = {
			isa = XCBuildConfiguration;
			buildSettings = {
				ASSETCATALOG_COMPILER_APPICON_NAME = AppIcon;
				ASSETCATALOG_COMPILER_GLOBAL_ACCENT_COLOR_NAME = AccentColor;
				CODE_SIGN_STYLE = Automatic;
				CURRENT_PROJECT_VERSION = 1;
				DEVELOPMENT_ASSET_PATHS = "\"Atlestat/Preview Content\"";
				ENABLE_PREVIEWS = YES;
				GENERATE_INFOPLIST_FILE = YES;
				INFOPLIST_KEY_UIApplicationSceneManifest_Generation = YES;
				INFOPLIST_KEY_UIApplicationSupportsIndirectInputEvents = YES;
				INFOPLIST_KEY_UILaunchScreen_Generation = YES;
				INFOPLIST_KEY_UISupportedInterfaceOrientations_iPad = "UIInterfaceOrientationPortrait UIInterfaceOrientationPortraitUpsideDown UIInterfaceOrientationLandscapeLeft UIInterfaceOrientationLandscapeRight";
				INFOPLIST_KEY_UISupportedInterfaceOrientations_iPhone = "UIInterfaceOrientationPortrait UIInterfaceOrientationLandscapeLeft UIInterfaceOrientationLandscapeRight";
				LD_RUNPATH_SEARCH_PATHS = (
					"$(inherited)",
					"@executable_path/Frameworks",
				);
				MARKETING_VERSION = 1.0;
				PRODUCT_BUNDLE_IDENTIFIER = atlestat.com.Atlestat;
				PRODUCT_NAME = "$(TARGET_NAME)";
				SWIFT_EMIT_LOC_STRINGS = YES;
				SWIFT_VERSION = 5.0;
				TARGETED_DEVICE_FAMILY = "1,2";
			};
			name = Release;
		};
/* End XCBuildConfiguration section */

/* Begin XCConfigurationList section */
		9D5A11752C04C8B3007FF196 /* Build configuration list for PBXProject "Atlestat" */ = {
			isa = XCConfigurationList;
			buildConfigurations = (
				9D5A11862C04C8B7007FF196 /* Debug */,
				9D5A11872C04C8B7007FF196 /* Release */,
			);
			defaultConfigurationIsVisible = 0;
			defaultConfigurationName = Release;
		};
		9D5A11882C04C8B7007FF196 /* Build configuration list for PBXNativeTarget "Atlestat" */ = {
			isa = XCConfigurationList;
			buildConfigurations = (
				9D5A11892C04C8B7007FF196 /* Debug */,
				9D5A118A2C04C8B7007FF196 /* Release */,
			);
			defaultConfigurationIsVisible = 0;
			defaultConfigurationName = Release;
		};
/* End XCConfigurationList section */
	};
	rootObject = 9D5A11722C04C8B3007FF196 /* Project object */;
}
